{
  "version": 4,
  "terraform_version": "0.15.4",
  "serial": 131,
  "lineage": "6a8a570b-9761-0999-e95a-6f4b274c904f",
  "outputs": {
    "dashboard_url": {
      "value": "http://18.206.117.1",
      "type": "string"
    },
    "leader_private_ip": {
      "value": "172.31.93.215",
      "type": "string"
    },
    "leader_public_ip": {
      "value": "18.206.117.1",
      "type": "string"
    },
    "nodes_private_ip": {
      "value": [
        "172.31.86.149",
        "172.31.81.165",
        "172.31.84.61",
        "172.31.89.193",
        "172.31.87.89",
        "172.31.80.123",
        "172.31.93.166",
        "172.31.89.24",
        "172.31.89.149",
        "172.31.91.77"
      ],
      "type": [
        "tuple",
        [
          "string",
          "string",
          "string",
          "string",
          "string",
          "string",
          "string",
          "string",
          "string",
          "string"
        ]
      ]
    },
    "nodes_public_ip": {
      "value": [
        "35.174.116.141",
        "54.89.127.66",
        "54.152.244.124",
        "54.152.139.234",
        "18.208.169.226",
        "52.91.20.65",
        "34.207.124.203",
        "3.83.90.245",
        "52.87.205.167",
        "34.207.86.232"
      ],
      "type": [
        "tuple",
        [
          "string",
          "string",
          "string",
          "string",
          "string",
          "string",
          "string",
          "string",
          "string",
          "string"
        ]
      ]
    }
  },
  "resources": [
    {
      "mode": "data",
      "type": "aws_subnet",
      "name": "current",
      "provider": "provider[\"registry.terraform.io/hashicorp/aws\"]",
      "instances": [
        {
          "schema_version": 0,
          "attributes": {
            "arn": "arn:aws:ec2:us-east-1:677410771820:subnet/subnet-7486815a",
            "assign_ipv6_address_on_creation": false,
            "availability_zone": "us-east-1c",
            "availability_zone_id": "use1-az2",
            "available_ip_address_count": 4091,
            "cidr_block": "172.31.80.0/20",
            "customer_owned_ipv4_pool": "",
            "default_for_az": true,
            "enable_dns64": false,
            "enable_resource_name_dns_a_record_on_launch": false,
            "enable_resource_name_dns_aaaa_record_on_launch": false,
            "filter": [
              {
                "name": "tag:Name",
                "values": [
                  "load_test_subnet"
                ]
              }
            ],
            "id": "subnet-7486815a",
            "ipv6_cidr_block": "",
            "ipv6_cidr_block_association_id": "",
            "ipv6_native": false,
            "map_customer_owned_ip_on_launch": false,
            "map_public_ip_on_launch": true,
            "outpost_arn": "",
            "owner_id": "677410771820",
            "private_dns_hostname_type_on_launch": "ip-name",
            "state": "available",
            "tags": {
              "Name": "load_test_subnet"
            },
            "vpc_id": "vpc-ca095db0"
          },
          "sensitive_attributes": []
        }
      ]
    },
    {
      "module": "module.loadtest",
      "mode": "data",
      "type": "aws_ami",
      "name": "amazon_linux_2",
      "provider": "provider[\"registry.terraform.io/hashicorp/aws\"]",
      "instances": [
        {
          "schema_version": 0,
          "attributes": {
            "architecture": "x86_64",
            "arn": "arn:aws:ec2:us-east-1::image/ami-038b3df3312ddf25d",
            "block_device_mappings": [
              {
                "device_name": "/dev/xvda",
                "ebs": {
                  "delete_on_termination": "true",
                  "encrypted": "false",
                  "iops": "0",
                  "snapshot_id": "snap-0b423fb2433e07064",
                  "throughput": "0",
                  "volume_size": "8",
                  "volume_type": "gp2"
                },
                "no_device": "",
                "virtual_name": ""
              }
            ],
            "creation_date": "2022-02-08T00:25:14.000Z",
            "description": "Amazon Linux 2 AMI 2.0.20220207.1 x86_64 HVM gp2",
            "ena_support": true,
            "executable_users": null,
            "filter": [
              {
                "name": "name",
                "values": [
                  "amzn2-ami-hvm*"
                ]
              },
              {
                "name": "owner-alias",
                "values": [
                  "amazon"
                ]
              }
            ],
            "hypervisor": "xen",
            "id": "ami-038b3df3312ddf25d",
            "image_id": "ami-038b3df3312ddf25d",
            "image_location": "amazon/amzn2-ami-hvm-2.0.20220207.1-x86_64-gp2",
            "image_owner_alias": "amazon",
            "image_type": "machine",
            "kernel_id": null,
            "most_recent": true,
            "name": "amzn2-ami-hvm-2.0.20220207.1-x86_64-gp2",
            "name_regex": null,
            "owner_id": "137112412989",
            "owners": [
              "amazon"
            ],
            "platform": null,
            "platform_details": "Linux/UNIX",
            "product_codes": [],
            "public": true,
            "ramdisk_id": null,
            "root_device_name": "/dev/xvda",
            "root_device_type": "ebs",
            "root_snapshot_id": "snap-0b423fb2433e07064",
            "sriov_net_support": "simple",
            "state": "available",
            "state_reason": {
              "code": "UNSET",
              "message": "UNSET"
            },
            "tags": {},
            "usage_operation": "RunInstances",
            "virtualization_type": "hvm"
          },
          "sensitive_attributes": []
        }
      ]
    },
    {
      "module": "module.loadtest",
      "mode": "data",
      "type": "aws_subnet",
      "name": "current",
      "provider": "provider[\"registry.terraform.io/hashicorp/aws\"]",
      "instances": [
        {
          "schema_version": 0,
          "attributes": {
            "arn": "arn:aws:ec2:us-east-1:677410771820:subnet/subnet-7486815a",
            "assign_ipv6_address_on_creation": false,
            "availability_zone": "us-east-1c",
            "availability_zone_id": "use1-az2",
            "available_ip_address_count": 4091,
            "cidr_block": "172.31.80.0/20",
            "customer_owned_ipv4_pool": "",
            "default_for_az": true,
            "enable_dns64": false,
            "enable_resource_name_dns_a_record_on_launch": false,
            "enable_resource_name_dns_aaaa_record_on_launch": false,
            "filter": null,
            "id": "subnet-7486815a",
            "ipv6_cidr_block": "",
            "ipv6_cidr_block_association_id": "",
            "ipv6_native": false,
            "map_customer_owned_ip_on_launch": false,
            "map_public_ip_on_launch": true,
            "outpost_arn": "",
            "owner_id": "677410771820",
            "private_dns_hostname_type_on_launch": "ip-name",
            "state": "available",
            "tags": {
              "Name": "load_test_subnet"
            },
            "vpc_id": "vpc-ca095db0"
          },
          "sensitive_attributes": []
        }
      ]
    },
    {
      "module": "module.loadtest",
      "mode": "data",
      "type": "aws_vpc",
      "name": "current",
      "provider": "provider[\"registry.terraform.io/hashicorp/aws\"]",
      "instances": [
        {
          "schema_version": 0,
          "attributes": {
            "arn": "arn:aws:ec2:us-east-1:677410771820:vpc/vpc-ca095db0",
            "cidr_block": "172.31.0.0/16",
            "cidr_block_associations": [
              {
                "association_id": "vpc-cidr-assoc-c33f1eaf",
                "cidr_block": "172.31.0.0/16",
                "state": "associated"
              }
            ],
            "default": true,
            "dhcp_options_id": "dopt-74b3420e",
            "enable_dns_hostnames": true,
            "enable_dns_support": true,
            "filter": null,
            "id": "vpc-ca095db0",
            "instance_tenancy": "default",
            "ipv6_association_id": "",
            "ipv6_cidr_block": "",
            "main_route_table_id": "rtb-87ae7df9",
            "owner_id": "677410771820",
            "state": null,
            "tags": {}
          },
          "sensitive_attributes": []
        }
      ]
    },
    {
      "module": "module.loadtest",
      "mode": "managed",
      "type": "aws_iam_instance_profile",
      "name": "loadtest",
      "provider": "provider[\"registry.terraform.io/hashicorp/aws\"]",
      "instances": [
        {
          "schema_version": 0,
          "attributes": {
            "arn": "arn:aws:iam::677410771820:instance-profile/provision-name-loadtest-profile",
            "create_date": "2022-02-10T15:40:31Z",
            "id": "provision-name-loadtest-profile",
            "name": "provision-name-loadtest-profile",
            "name_prefix": null,
            "path": "/",
            "role": "provision-name-loadtest-role",
            "tags": null,
            "tags_all": {},
            "unique_id": "AIPAZ3OGUCNWJFEPBXEHS"
          },
          "sensitive_attributes": [],
          "private": "bnVsbA==",
          "dependencies": [
            "module.loadtest.aws_iam_role.loadtest"
          ]
        }
      ]
    },
    {
      "module": "module.loadtest",
      "mode": "managed",
      "type": "aws_iam_role",
      "name": "loadtest",
      "provider": "provider[\"registry.terraform.io/hashicorp/aws\"]",
      "instances": [
        {
          "schema_version": 0,
          "attributes": {
            "arn": "arn:aws:iam::677410771820:role/provision-name-loadtest-role",
            "assume_role_policy": "{\"Version\":\"2012-10-17\",\"Statement\":[{\"Sid\":\"202110011659\",\"Effect\":\"Allow\",\"Principal\":{\"Service\":\"ec2.amazonaws.com\"},\"Action\":\"sts:AssumeRole\"}]}",
            "create_date": "2022-02-10T15:40:28Z",
            "description": "",
            "force_detach_policies": false,
            "id": "provision-name-loadtest-role",
            "inline_policy": [
              {
                "name": "",
                "policy": ""
              }
            ],
            "managed_policy_arns": [],
            "max_session_duration": 3600,
            "name": "provision-name-loadtest-role",
            "name_prefix": "",
            "path": "/",
            "permissions_boundary": null,
            "tags": {
              "Name": "provision-name-loadtest-role"
            },
            "tags_all": {
              "Name": "provision-name-loadtest-role"
            },
            "unique_id": "AROAZ3OGUCNWKPVTFGMGV"
          },
          "sensitive_attributes": [],
          "private": "bnVsbA=="
        }
      ]
    },
    {
      "module": "module.loadtest",
      "mode": "managed",
      "type": "aws_instance",
      "name": "leader",
      "provider": "provider[\"registry.terraform.io/hashicorp/aws\"]",
      "instances": [
        {
          "schema_version": 1,
          "attributes": {
            "ami": "ami-038b3df3312ddf25d",
            "arn": "arn:aws:ec2:us-east-1:677410771820:instance/i-08e35fb2df7cecc25",
            "associate_public_ip_address": true,
            "availability_zone": "us-east-1c",
            "capacity_reservation_specification": [
              {
                "capacity_reservation_preference": "open",
                "capacity_reservation_target": []
              }
            ],
            "cpu_core_count": 1,
            "cpu_threads_per_core": 2,
            "credit_specification": [],
            "disable_api_termination": false,
            "ebs_block_device": [],
            "ebs_optimized": false,
            "enclave_options": [
              {
                "enabled": false
              }
            ],
            "ephemeral_block_device": [],
            "get_password_data": false,
            "hibernation": false,
            "host_id": null,
            "iam_instance_profile": "provision-name-loadtest-profile",
            "id": "i-08e35fb2df7cecc25",
            "instance_initiated_shutdown_behavior": "stop",
            "instance_state": "running",
            "instance_type": "c5n.large",
            "ipv6_address_count": 0,
            "ipv6_addresses": [],
            "key_name": "provision-name-loadtest-keypair",
            "launch_template": [],
            "metadata_options": [
              {
                "http_endpoint": "enabled",
                "http_put_response_hop_limit": 1,
                "http_tokens": "optional",
                "instance_metadata_tags": "disabled"
              }
            ],
            "monitoring": true,
            "network_interface": [],
            "outpost_arn": "",
            "password_data": "",
            "placement_group": "",
            "placement_partition_number": null,
            "primary_network_interface_id": "eni-0ef342a42ae6cdf4d",
            "private_dns": "ip-172-31-93-215.ec2.internal",
            "private_ip": "172.31.93.215",
            "public_dns": "ec2-18-206-117-1.compute-1.amazonaws.com",
            "public_ip": "18.206.117.1",
            "root_block_device": [
              {
                "delete_on_termination": true,
                "device_name": "/dev/xvda",
                "encrypted": false,
                "iops": 100,
                "kms_key_id": "",
                "tags": {},
                "throughput": 0,
                "volume_id": "vol-0d915545005a1abbc",
                "volume_size": 8,
                "volume_type": "gp2"
              }
            ],
            "secondary_private_ips": [],
            "security_groups": [
              "provision-name-loadtest-seg"
            ],
            "source_dest_check": true,
            "subnet_id": "subnet-7486815a",
            "tags": {
              "nodes": "172.31.86.149,172.31.81.165,172.31.84.61,172.31.89.193,172.31.87.89,172.31.80.123,172.31.93.166,172.31.89.24,172.31.89.149,172.31.91.77"
            },
            "tags_all": {
              "nodes": "172.31.86.149,172.31.81.165,172.31.84.61,172.31.89.193,172.31.87.89,172.31.80.123,172.31.93.166,172.31.89.24,172.31.89.149,172.31.91.77"
            },
            "tenancy": "default",
            "timeouts": null,
            "user_data": null,
            "user_data_base64": "IyEvYmluL2Jhc2gKCnN1ZG8geXVtIHVwZGF0ZSAteQpzdWRvIHl1bSBpbnN0YWxsIC15IHBjcmUyLWRldmVsLng4Nl82NCBweXRob24gZ2NjIHB5dGhvbjMtZGV2ZWwgdHpkYXRhIGN1cmwgdW56aXAgYmFzaCBodG9wCgojIExPQ1VTVApleHBvcnQgTE9DVVNUX1ZFUlNJT049IjIuNC4zIgpzdWRvIHBpcDMgaW5zdGFsbCBsb2N1c3Q9PSRMT0NVU1RfVkVSU0lPTgoKZXhwb3J0IFBSSVZBVEVfSVA9JChob3N0bmFtZSAtSSB8IGF3ayAne3ByaW50ICQxfScpCmVjaG8gIlBSSVZBVEVfSVA9JFBSSVZBVEVfSVAiID4+IC9ldGMvZW52aXJvbm1lbnQKCnNvdXJjZSB+Ly5iYXNocmMKCm1rZGlyIC1wIH4vLnNzaAplY2hvICdIb3N0IConID4gfi8uc3NoL2NvbmZpZwplY2hvICdTdHJpY3RIb3N0S2V5Q2hlY2tpbmcgbm8nID4+IH4vLnNzaC9jb25maWcKCnN1ZG8gaXB0YWJsZXMgLUEgSU5QVVQgLWkgZXRoMCAtcCB0Y3AgLS1kcG9ydCA4MCAtaiBBQ0NFUFQKc3VkbyBpcHRhYmxlcyAtQSBJTlBVVCAtaSBldGgwIC1wIHRjcCAtLWRwb3J0IDgwODAgLWogQUNDRVBUCnN1ZG8gaXB0YWJsZXMgLUEgUFJFUk9VVElORyAtdCBuYXQgLWkgZXRoMCAtcCB0Y3AgLS1kcG9ydCA4MCAtaiBSRURJUkVDVCAtLXRvLXBvcnQgODA4MAoKdG91Y2ggL3RtcC9maW5pc2hlZC1zZXR1cAo=",
            "volume_tags": null,
            "vpc_security_group_ids": [
              "sg-0452829ca5cfd10e7"
            ]
          },
          "sensitive_attributes": [],
          "private": "eyJlMmJmYjczMC1lY2FhLTExZTYtOGY4OC0zNDM2M2JjN2M0YzAiOnsiY3JlYXRlIjo2MDAwMDAwMDAwMDAsImRlbGV0ZSI6MTIwMDAwMDAwMDAwMCwidXBkYXRlIjo2MDAwMDAwMDAwMDB9LCJzY2hlbWFfdmVyc2lvbiI6IjEifQ==",
          "dependencies": [
            "data.aws_subnet.current",
            "module.loadtest.aws_iam_instance_profile.loadtest",
            "module.loadtest.aws_iam_role.loadtest",
            "module.loadtest.aws_instance.nodes",
            "module.loadtest.aws_key_pair.loadtest",
            "module.loadtest.aws_security_group.loadtest",
            "module.loadtest.data.aws_ami.amazon_linux_2",
            "module.loadtest.data.aws_vpc.current",
            "module.loadtest.tls_private_key.loadtest"
          ]
        }
      ]
    },
    {
      "module": "module.loadtest",
      "mode": "managed",
      "type": "aws_instance",
      "name": "nodes",
      "provider": "provider[\"registry.terraform.io/hashicorp/aws\"]",
      "instances": [
        {
          "index_key": 0,
          "schema_version": 1,
          "attributes": {
            "ami": "ami-038b3df3312ddf25d",
            "arn": "arn:aws:ec2:us-east-1:677410771820:instance/i-0566e449434da6320",
            "associate_public_ip_address": true,
            "availability_zone": "us-east-1c",
            "capacity_reservation_specification": [
              {
                "capacity_reservation_preference": "open",
                "capacity_reservation_target": []
              }
            ],
            "cpu_core_count": 2,
            "cpu_threads_per_core": 2,
            "credit_specification": [],
            "disable_api_termination": false,
            "ebs_block_device": [],
            "ebs_optimized": false,
            "enclave_options": [
              {
                "enabled": false
              }
            ],
            "ephemeral_block_device": [],
            "get_password_data": false,
            "hibernation": false,
            "host_id": null,
            "iam_instance_profile": "provision-name-loadtest-profile",
            "id": "i-0566e449434da6320",
            "instance_initiated_shutdown_behavior": "stop",
            "instance_state": "running",
            "instance_type": "c5n.xlarge",
            "ipv6_address_count": 0,
            "ipv6_addresses": [],
            "key_name": "provision-name-loadtest-keypair",
            "launch_template": [],
            "metadata_options": [
              {
                "http_endpoint": "enabled",
                "http_put_response_hop_limit": 1,
                "http_tokens": "optional",
                "instance_metadata_tags": "disabled"
              }
            ],
            "monitoring": true,
            "network_interface": [],
            "outpost_arn": "",
            "password_data": "",
            "placement_group": "",
            "placement_partition_number": null,
            "primary_network_interface_id": "eni-0e97998859710052c",
            "private_dns": "ip-172-31-86-149.ec2.internal",
            "private_ip": "172.31.86.149",
            "public_dns": "ec2-35-174-116-141.compute-1.amazonaws.com",
            "public_ip": "35.174.116.141",
            "root_block_device": [
              {
                "delete_on_termination": true,
                "device_name": "/dev/xvda",
                "encrypted": false,
                "iops": 100,
                "kms_key_id": "",
                "tags": {},
                "throughput": 0,
                "volume_id": "vol-022091eb872023535",
                "volume_size": 8,
                "volume_type": "gp2"
              }
            ],
            "secondary_private_ips": [],
            "security_groups": [
              "provision-name-loadtest-seg"
            ],
            "source_dest_check": true,
            "subnet_id": "subnet-7486815a",
            "tags": null,
            "tags_all": {},
            "tenancy": "default",
            "timeouts": null,
            "user_data": null,
            "user_data_base64": "IyEvYmluL2Jhc2gKCnN1ZG8geXVtIHVwZGF0ZSAteQpzdWRvIHl1bSBpbnN0YWxsIC15IHBjcmUyLWRldmVsLng4Nl82NCBweXRob24gZ2NjIHB5dGhvbjMtZGV2ZWwgdHpkYXRhIGN1cmwgdW56aXAgYmFzaCBodG9wCgojIExPQ1VTVApleHBvcnQgTE9DVVNUX1ZFUlNJT049IjIuNC4zIgpzdWRvIHBpcDMgaW5zdGFsbCBsb2N1c3Q9PSRMT0NVU1RfVkVSU0lPTgoKZXhwb3J0IFBSSVZBVEVfSVA9JChob3N0bmFtZSAtSSB8IGF3ayAne3ByaW50ICQxfScpCmVjaG8gIlBSSVZBVEVfSVA9JFBSSVZBVEVfSVAiID4+IC9ldGMvZW52aXJvbm1lbnQKCnNvdXJjZSB+Ly5iYXNocmMKCm1rZGlyIC1wIH4vLnNzaAplY2hvICdIb3N0IConID4gfi8uc3NoL2NvbmZpZwplY2hvICdTdHJpY3RIb3N0S2V5Q2hlY2tpbmcgbm8nID4+IH4vLnNzaC9jb25maWcKCnRvdWNoIC90bXAvZmluaXNoZWQtc2V0dXAK",
            "volume_tags": null,
            "vpc_security_group_ids": [
              "sg-0452829ca5cfd10e7"
            ]
          },
          "sensitive_attributes": [],
          "private": "eyJlMmJmYjczMC1lY2FhLTExZTYtOGY4OC0zNDM2M2JjN2M0YzAiOnsiY3JlYXRlIjo2MDAwMDAwMDAwMDAsImRlbGV0ZSI6MTIwMDAwMDAwMDAwMCwidXBkYXRlIjo2MDAwMDAwMDAwMDB9LCJzY2hlbWFfdmVyc2lvbiI6IjEifQ==",
          "dependencies": [
            "data.aws_subnet.current",
            "module.loadtest.aws_iam_instance_profile.loadtest",
            "module.loadtest.aws_iam_role.loadtest",
            "module.loadtest.aws_key_pair.loadtest",
            "module.loadtest.aws_security_group.loadtest",
            "module.loadtest.data.aws_ami.amazon_linux_2",
            "module.loadtest.data.aws_vpc.current",
            "module.loadtest.tls_private_key.loadtest"
          ]
        },
        {
          "index_key": 1,
          "schema_version": 1,
          "attributes": {
            "ami": "ami-038b3df3312ddf25d",
            "arn": "arn:aws:ec2:us-east-1:677410771820:instance/i-08d1d7802bcac0460",
            "associate_public_ip_address": true,
            "availability_zone": "us-east-1c",
            "capacity_reservation_specification": [
              {
                "capacity_reservation_preference": "open",
                "capacity_reservation_target": []
              }
            ],
            "cpu_core_count": 2,
            "cpu_threads_per_core": 2,
            "credit_specification": [],
            "disable_api_termination": false,
            "ebs_block_device": [],
            "ebs_optimized": false,
            "enclave_options": [
              {
                "enabled": false
              }
            ],
            "ephemeral_block_device": [],
            "get_password_data": false,
            "hibernation": false,
            "host_id": null,
            "iam_instance_profile": "provision-name-loadtest-profile",
            "id": "i-08d1d7802bcac0460",
            "instance_initiated_shutdown_behavior": "stop",
            "instance_state": "running",
            "instance_type": "c5n.xlarge",
            "ipv6_address_count": 0,
            "ipv6_addresses": [],
            "key_name": "provision-name-loadtest-keypair",
            "launch_template": [],
            "metadata_options": [
              {
                "http_endpoint": "enabled",
                "http_put_response_hop_limit": 1,
                "http_tokens": "optional",
                "instance_metadata_tags": "disabled"
              }
            ],
            "monitoring": true,
            "network_interface": [],
            "outpost_arn": "",
            "password_data": "",
            "placement_group": "",
            "placement_partition_number": null,
            "primary_network_interface_id": "eni-0b39a849a1d8fe8c1",
            "private_dns": "ip-172-31-81-165.ec2.internal",
            "private_ip": "172.31.81.165",
            "public_dns": "ec2-54-89-127-66.compute-1.amazonaws.com",
            "public_ip": "54.89.127.66",
            "root_block_device": [
              {
                "delete_on_termination": true,
                "device_name": "/dev/xvda",
                "encrypted": false,
                "iops": 100,
                "kms_key_id": "",
                "tags": {},
                "throughput": 0,
                "volume_id": "vol-08c6e1d13198df94f",
                "volume_size": 8,
                "volume_type": "gp2"
              }
            ],
            "secondary_private_ips": [],
            "security_groups": [
              "provision-name-loadtest-seg"
            ],
            "source_dest_check": true,
            "subnet_id": "subnet-7486815a",
            "tags": null,
            "tags_all": {},
            "tenancy": "default",
            "timeouts": null,
            "user_data": null,
            "user_data_base64": "IyEvYmluL2Jhc2gKCnN1ZG8geXVtIHVwZGF0ZSAteQpzdWRvIHl1bSBpbnN0YWxsIC15IHBjcmUyLWRldmVsLng4Nl82NCBweXRob24gZ2NjIHB5dGhvbjMtZGV2ZWwgdHpkYXRhIGN1cmwgdW56aXAgYmFzaCBodG9wCgojIExPQ1VTVApleHBvcnQgTE9DVVNUX1ZFUlNJT049IjIuNC4zIgpzdWRvIHBpcDMgaW5zdGFsbCBsb2N1c3Q9PSRMT0NVU1RfVkVSU0lPTgoKZXhwb3J0IFBSSVZBVEVfSVA9JChob3N0bmFtZSAtSSB8IGF3ayAne3ByaW50ICQxfScpCmVjaG8gIlBSSVZBVEVfSVA9JFBSSVZBVEVfSVAiID4+IC9ldGMvZW52aXJvbm1lbnQKCnNvdXJjZSB+Ly5iYXNocmMKCm1rZGlyIC1wIH4vLnNzaAplY2hvICdIb3N0IConID4gfi8uc3NoL2NvbmZpZwplY2hvICdTdHJpY3RIb3N0S2V5Q2hlY2tpbmcgbm8nID4+IH4vLnNzaC9jb25maWcKCnRvdWNoIC90bXAvZmluaXNoZWQtc2V0dXAK",
            "volume_tags": null,
            "vpc_security_group_ids": [
              "sg-0452829ca5cfd10e7"
            ]
          },
          "sensitive_attributes": [],
          "private": "eyJlMmJmYjczMC1lY2FhLTExZTYtOGY4OC0zNDM2M2JjN2M0YzAiOnsiY3JlYXRlIjo2MDAwMDAwMDAwMDAsImRlbGV0ZSI6MTIwMDAwMDAwMDAwMCwidXBkYXRlIjo2MDAwMDAwMDAwMDB9LCJzY2hlbWFfdmVyc2lvbiI6IjEifQ==",
          "dependencies": [
            "data.aws_subnet.current",
            "module.loadtest.aws_iam_instance_profile.loadtest",
            "module.loadtest.aws_iam_role.loadtest",
            "module.loadtest.aws_key_pair.loadtest",
            "module.loadtest.aws_security_group.loadtest",
            "module.loadtest.data.aws_ami.amazon_linux_2",
            "module.loadtest.data.aws_vpc.current",
            "module.loadtest.tls_private_key.loadtest"
          ]
        },
        {
          "index_key": 2,
          "schema_version": 1,
          "attributes": {
            "ami": "ami-038b3df3312ddf25d",
            "arn": "arn:aws:ec2:us-east-1:677410771820:instance/i-0e0b5db72bbb5a529",
            "associate_public_ip_address": true,
            "availability_zone": "us-east-1c",
            "capacity_reservation_specification": [
              {
                "capacity_reservation_preference": "open",
                "capacity_reservation_target": []
              }
            ],
            "cpu_core_count": 2,
            "cpu_threads_per_core": 2,
            "credit_specification": [],
            "disable_api_termination": false,
            "ebs_block_device": [],
            "ebs_optimized": false,
            "enclave_options": [
              {
                "enabled": false
              }
            ],
            "ephemeral_block_device": [],
            "get_password_data": false,
            "hibernation": false,
            "host_id": null,
            "iam_instance_profile": "provision-name-loadtest-profile",
            "id": "i-0e0b5db72bbb5a529",
            "instance_initiated_shutdown_behavior": "stop",
            "instance_state": "running",
            "instance_type": "c5n.xlarge",
            "ipv6_address_count": 0,
            "ipv6_addresses": [],
            "key_name": "provision-name-loadtest-keypair",
            "launch_template": [],
            "metadata_options": [
              {
                "http_endpoint": "enabled",
                "http_put_response_hop_limit": 1,
                "http_tokens": "optional",
                "instance_metadata_tags": "disabled"
              }
            ],
            "monitoring": true,
            "network_interface": [],
            "outpost_arn": "",
            "password_data": "",
            "placement_group": "",
            "placement_partition_number": null,
            "primary_network_interface_id": "eni-059ce015f54171fed",
            "private_dns": "ip-172-31-84-61.ec2.internal",
            "private_ip": "172.31.84.61",
            "public_dns": "ec2-54-152-244-124.compute-1.amazonaws.com",
            "public_ip": "54.152.244.124",
            "root_block_device": [
              {
                "delete_on_termination": true,
                "device_name": "/dev/xvda",
                "encrypted": false,
                "iops": 100,
                "kms_key_id": "",
                "tags": {},
                "throughput": 0,
                "volume_id": "vol-0784a03a8eb4e1739",
                "volume_size": 8,
                "volume_type": "gp2"
              }
            ],
            "secondary_private_ips": [],
            "security_groups": [
              "provision-name-loadtest-seg"
            ],
            "source_dest_check": true,
            "subnet_id": "subnet-7486815a",
            "tags": null,
            "tags_all": {},
            "tenancy": "default",
            "timeouts": null,
            "user_data": null,
            "user_data_base64": "IyEvYmluL2Jhc2gKCnN1ZG8geXVtIHVwZGF0ZSAteQpzdWRvIHl1bSBpbnN0YWxsIC15IHBjcmUyLWRldmVsLng4Nl82NCBweXRob24gZ2NjIHB5dGhvbjMtZGV2ZWwgdHpkYXRhIGN1cmwgdW56aXAgYmFzaCBodG9wCgojIExPQ1VTVApleHBvcnQgTE9DVVNUX1ZFUlNJT049IjIuNC4zIgpzdWRvIHBpcDMgaW5zdGFsbCBsb2N1c3Q9PSRMT0NVU1RfVkVSU0lPTgoKZXhwb3J0IFBSSVZBVEVfSVA9JChob3N0bmFtZSAtSSB8IGF3ayAne3ByaW50ICQxfScpCmVjaG8gIlBSSVZBVEVfSVA9JFBSSVZBVEVfSVAiID4+IC9ldGMvZW52aXJvbm1lbnQKCnNvdXJjZSB+Ly5iYXNocmMKCm1rZGlyIC1wIH4vLnNzaAplY2hvICdIb3N0IConID4gfi8uc3NoL2NvbmZpZwplY2hvICdTdHJpY3RIb3N0S2V5Q2hlY2tpbmcgbm8nID4+IH4vLnNzaC9jb25maWcKCnRvdWNoIC90bXAvZmluaXNoZWQtc2V0dXAK",
            "volume_tags": null,
            "vpc_security_group_ids": [
              "sg-0452829ca5cfd10e7"
            ]
          },
          "sensitive_attributes": [],
          "private": "eyJlMmJmYjczMC1lY2FhLTExZTYtOGY4OC0zNDM2M2JjN2M0YzAiOnsiY3JlYXRlIjo2MDAwMDAwMDAwMDAsImRlbGV0ZSI6MTIwMDAwMDAwMDAwMCwidXBkYXRlIjo2MDAwMDAwMDAwMDB9LCJzY2hlbWFfdmVyc2lvbiI6IjEifQ==",
          "dependencies": [
            "data.aws_subnet.current",
            "module.loadtest.aws_iam_instance_profile.loadtest",
            "module.loadtest.aws_iam_role.loadtest",
            "module.loadtest.aws_key_pair.loadtest",
            "module.loadtest.aws_security_group.loadtest",
            "module.loadtest.data.aws_ami.amazon_linux_2",
            "module.loadtest.data.aws_vpc.current",
            "module.loadtest.tls_private_key.loadtest"
          ]
        },
        {
          "index_key": 3,
          "schema_version": 1,
          "attributes": {
            "ami": "ami-038b3df3312ddf25d",
            "arn": "arn:aws:ec2:us-east-1:677410771820:instance/i-027144b3d83188279",
            "associate_public_ip_address": true,
            "availability_zone": "us-east-1c",
            "capacity_reservation_specification": [
              {
                "capacity_reservation_preference": "open",
                "capacity_reservation_target": []
              }
            ],
            "cpu_core_count": 2,
            "cpu_threads_per_core": 2,
            "credit_specification": [],
            "disable_api_termination": false,
            "ebs_block_device": [],
            "ebs_optimized": false,
            "enclave_options": [
              {
                "enabled": false
              }
            ],
            "ephemeral_block_device": [],
            "get_password_data": false,
            "hibernation": false,
            "host_id": null,
            "iam_instance_profile": "provision-name-loadtest-profile",
            "id": "i-027144b3d83188279",
            "instance_initiated_shutdown_behavior": "stop",
            "instance_state": "running",
            "instance_type": "c5n.xlarge",
            "ipv6_address_count": 0,
            "ipv6_addresses": [],
            "key_name": "provision-name-loadtest-keypair",
            "launch_template": [],
            "metadata_options": [
              {
                "http_endpoint": "enabled",
                "http_put_response_hop_limit": 1,
                "http_tokens": "optional",
                "instance_metadata_tags": "disabled"
              }
            ],
            "monitoring": true,
            "network_interface": [],
            "outpost_arn": "",
            "password_data": "",
            "placement_group": "",
            "placement_partition_number": null,
            "primary_network_interface_id": "eni-09f25f93da55bd047",
            "private_dns": "ip-172-31-89-193.ec2.internal",
            "private_ip": "172.31.89.193",
            "public_dns": "ec2-54-152-139-234.compute-1.amazonaws.com",
            "public_ip": "54.152.139.234",
            "root_block_device": [
              {
                "delete_on_termination": true,
                "device_name": "/dev/xvda",
                "encrypted": false,
                "iops": 100,
                "kms_key_id": "",
                "tags": {},
                "throughput": 0,
                "volume_id": "vol-0cee504d174f80731",
                "volume_size": 8,
                "volume_type": "gp2"
              }
            ],
            "secondary_private_ips": [],
            "security_groups": [
              "provision-name-loadtest-seg"
            ],
            "source_dest_check": true,
            "subnet_id": "subnet-7486815a",
            "tags": null,
            "tags_all": {},
            "tenancy": "default",
            "timeouts": null,
            "user_data": null,
            "user_data_base64": "IyEvYmluL2Jhc2gKCnN1ZG8geXVtIHVwZGF0ZSAteQpzdWRvIHl1bSBpbnN0YWxsIC15IHBjcmUyLWRldmVsLng4Nl82NCBweXRob24gZ2NjIHB5dGhvbjMtZGV2ZWwgdHpkYXRhIGN1cmwgdW56aXAgYmFzaCBodG9wCgojIExPQ1VTVApleHBvcnQgTE9DVVNUX1ZFUlNJT049IjIuNC4zIgpzdWRvIHBpcDMgaW5zdGFsbCBsb2N1c3Q9PSRMT0NVU1RfVkVSU0lPTgoKZXhwb3J0IFBSSVZBVEVfSVA9JChob3N0bmFtZSAtSSB8IGF3ayAne3ByaW50ICQxfScpCmVjaG8gIlBSSVZBVEVfSVA9JFBSSVZBVEVfSVAiID4+IC9ldGMvZW52aXJvbm1lbnQKCnNvdXJjZSB+Ly5iYXNocmMKCm1rZGlyIC1wIH4vLnNzaAplY2hvICdIb3N0IConID4gfi8uc3NoL2NvbmZpZwplY2hvICdTdHJpY3RIb3N0S2V5Q2hlY2tpbmcgbm8nID4+IH4vLnNzaC9jb25maWcKCnRvdWNoIC90bXAvZmluaXNoZWQtc2V0dXAK",
            "volume_tags": null,
            "vpc_security_group_ids": [
              "sg-0452829ca5cfd10e7"
            ]
          },
          "sensitive_attributes": [],
          "private": "eyJlMmJmYjczMC1lY2FhLTExZTYtOGY4OC0zNDM2M2JjN2M0YzAiOnsiY3JlYXRlIjo2MDAwMDAwMDAwMDAsImRlbGV0ZSI6MTIwMDAwMDAwMDAwMCwidXBkYXRlIjo2MDAwMDAwMDAwMDB9LCJzY2hlbWFfdmVyc2lvbiI6IjEifQ==",
          "dependencies": [
            "data.aws_subnet.current",
            "module.loadtest.aws_iam_instance_profile.loadtest",
            "module.loadtest.aws_iam_role.loadtest",
            "module.loadtest.aws_key_pair.loadtest",
            "module.loadtest.aws_security_group.loadtest",
            "module.loadtest.data.aws_ami.amazon_linux_2",
            "module.loadtest.data.aws_vpc.current",
            "module.loadtest.tls_private_key.loadtest"
          ]
        },
        {
          "index_key": 4,
          "schema_version": 1,
          "attributes": {
            "ami": "ami-038b3df3312ddf25d",
            "arn": "arn:aws:ec2:us-east-1:677410771820:instance/i-0812f51ceca65b750",
            "associate_public_ip_address": true,
            "availability_zone": "us-east-1c",
            "capacity_reservation_specification": [
              {
                "capacity_reservation_preference": "open",
                "capacity_reservation_target": []
              }
            ],
            "cpu_core_count": 2,
            "cpu_threads_per_core": 2,
            "credit_specification": [],
            "disable_api_termination": false,
            "ebs_block_device": [],
            "ebs_optimized": false,
            "enclave_options": [
              {
                "enabled": false
              }
            ],
            "ephemeral_block_device": [],
            "get_password_data": false,
            "hibernation": false,
            "host_id": null,
            "iam_instance_profile": "provision-name-loadtest-profile",
            "id": "i-0812f51ceca65b750",
            "instance_initiated_shutdown_behavior": "stop",
            "instance_state": "running",
            "instance_type": "c5n.xlarge",
            "ipv6_address_count": 0,
            "ipv6_addresses": [],
            "key_name": "provision-name-loadtest-keypair",
            "launch_template": [],
            "metadata_options": [
              {
                "http_endpoint": "enabled",
                "http_put_response_hop_limit": 1,
                "http_tokens": "optional",
                "instance_metadata_tags": "disabled"
              }
            ],
            "monitoring": true,
            "network_interface": [],
            "outpost_arn": "",
            "password_data": "",
            "placement_group": "",
            "placement_partition_number": null,
            "primary_network_interface_id": "eni-0de81786fe9f42a6d",
            "private_dns": "ip-172-31-87-89.ec2.internal",
            "private_ip": "172.31.87.89",
            "public_dns": "ec2-18-208-169-226.compute-1.amazonaws.com",
            "public_ip": "18.208.169.226",
            "root_block_device": [
              {
                "delete_on_termination": true,
                "device_name": "/dev/xvda",
                "encrypted": false,
                "iops": 100,
                "kms_key_id": "",
                "tags": {},
                "throughput": 0,
                "volume_id": "vol-07f4949e504a486b4",
                "volume_size": 8,
                "volume_type": "gp2"
              }
            ],
            "secondary_private_ips": [],
            "security_groups": [
              "provision-name-loadtest-seg"
            ],
            "source_dest_check": true,
            "subnet_id": "subnet-7486815a",
            "tags": null,
            "tags_all": {},
            "tenancy": "default",
            "timeouts": null,
            "user_data": null,
            "user_data_base64": "IyEvYmluL2Jhc2gKCnN1ZG8geXVtIHVwZGF0ZSAteQpzdWRvIHl1bSBpbnN0YWxsIC15IHBjcmUyLWRldmVsLng4Nl82NCBweXRob24gZ2NjIHB5dGhvbjMtZGV2ZWwgdHpkYXRhIGN1cmwgdW56aXAgYmFzaCBodG9wCgojIExPQ1VTVApleHBvcnQgTE9DVVNUX1ZFUlNJT049IjIuNC4zIgpzdWRvIHBpcDMgaW5zdGFsbCBsb2N1c3Q9PSRMT0NVU1RfVkVSU0lPTgoKZXhwb3J0IFBSSVZBVEVfSVA9JChob3N0bmFtZSAtSSB8IGF3ayAne3ByaW50ICQxfScpCmVjaG8gIlBSSVZBVEVfSVA9JFBSSVZBVEVfSVAiID4+IC9ldGMvZW52aXJvbm1lbnQKCnNvdXJjZSB+Ly5iYXNocmMKCm1rZGlyIC1wIH4vLnNzaAplY2hvICdIb3N0IConID4gfi8uc3NoL2NvbmZpZwplY2hvICdTdHJpY3RIb3N0S2V5Q2hlY2tpbmcgbm8nID4+IH4vLnNzaC9jb25maWcKCnRvdWNoIC90bXAvZmluaXNoZWQtc2V0dXAK",
            "volume_tags": null,
            "vpc_security_group_ids": [
              "sg-0452829ca5cfd10e7"
            ]
          },
          "sensitive_attributes": [],
          "private": "eyJlMmJmYjczMC1lY2FhLTExZTYtOGY4OC0zNDM2M2JjN2M0YzAiOnsiY3JlYXRlIjo2MDAwMDAwMDAwMDAsImRlbGV0ZSI6MTIwMDAwMDAwMDAwMCwidXBkYXRlIjo2MDAwMDAwMDAwMDB9LCJzY2hlbWFfdmVyc2lvbiI6IjEifQ==",
          "dependencies": [
            "data.aws_subnet.current",
            "module.loadtest.aws_iam_instance_profile.loadtest",
            "module.loadtest.aws_iam_role.loadtest",
            "module.loadtest.aws_key_pair.loadtest",
            "module.loadtest.aws_security_group.loadtest",
            "module.loadtest.data.aws_ami.amazon_linux_2",
            "module.loadtest.data.aws_vpc.current",
            "module.loadtest.tls_private_key.loadtest"
          ]
        },
        {
          "index_key": 5,
          "schema_version": 1,
          "attributes": {
            "ami": "ami-038b3df3312ddf25d",
            "arn": "arn:aws:ec2:us-east-1:677410771820:instance/i-09ac779761cea546e",
            "associate_public_ip_address": true,
            "availability_zone": "us-east-1c",
            "capacity_reservation_specification": [
              {
                "capacity_reservation_preference": "open",
                "capacity_reservation_target": []
              }
            ],
            "cpu_core_count": 2,
            "cpu_threads_per_core": 2,
            "credit_specification": [],
            "disable_api_termination": false,
            "ebs_block_device": [],
            "ebs_optimized": false,
            "enclave_options": [
              {
                "enabled": false
              }
            ],
            "ephemeral_block_device": [],
            "get_password_data": false,
            "hibernation": false,
            "host_id": null,
            "iam_instance_profile": "provision-name-loadtest-profile",
            "id": "i-09ac779761cea546e",
            "instance_initiated_shutdown_behavior": "stop",
            "instance_state": "running",
            "instance_type": "c5n.xlarge",
            "ipv6_address_count": 0,
            "ipv6_addresses": [],
            "key_name": "provision-name-loadtest-keypair",
            "launch_template": [],
            "metadata_options": [
              {
                "http_endpoint": "enabled",
                "http_put_response_hop_limit": 1,
                "http_tokens": "optional",
                "instance_metadata_tags": "disabled"
              }
            ],
            "monitoring": true,
            "network_interface": [],
            "outpost_arn": "",
            "password_data": "",
            "placement_group": "",
            "placement_partition_number": null,
            "primary_network_interface_id": "eni-00012dd8bc6a238c7",
            "private_dns": "ip-172-31-80-123.ec2.internal",
            "private_ip": "172.31.80.123",
            "public_dns": "ec2-52-91-20-65.compute-1.amazonaws.com",
            "public_ip": "52.91.20.65",
            "root_block_device": [
              {
                "delete_on_termination": true,
                "device_name": "/dev/xvda",
                "encrypted": false,
                "iops": 100,
                "kms_key_id": "",
                "tags": {},
                "throughput": 0,
                "volume_id": "vol-0d8631a2ca258133e",
                "volume_size": 8,
                "volume_type": "gp2"
              }
            ],
            "secondary_private_ips": [],
            "security_groups": [
              "provision-name-loadtest-seg"
            ],
            "source_dest_check": true,
            "subnet_id": "subnet-7486815a",
            "tags": null,
            "tags_all": {},
            "tenancy": "default",
            "timeouts": null,
            "user_data": null,
            "user_data_base64": "IyEvYmluL2Jhc2gKCnN1ZG8geXVtIHVwZGF0ZSAteQpzdWRvIHl1bSBpbnN0YWxsIC15IHBjcmUyLWRldmVsLng4Nl82NCBweXRob24gZ2NjIHB5dGhvbjMtZGV2ZWwgdHpkYXRhIGN1cmwgdW56aXAgYmFzaCBodG9wCgojIExPQ1VTVApleHBvcnQgTE9DVVNUX1ZFUlNJT049IjIuNC4zIgpzdWRvIHBpcDMgaW5zdGFsbCBsb2N1c3Q9PSRMT0NVU1RfVkVSU0lPTgoKZXhwb3J0IFBSSVZBVEVfSVA9JChob3N0bmFtZSAtSSB8IGF3ayAne3ByaW50ICQxfScpCmVjaG8gIlBSSVZBVEVfSVA9JFBSSVZBVEVfSVAiID4+IC9ldGMvZW52aXJvbm1lbnQKCnNvdXJjZSB+Ly5iYXNocmMKCm1rZGlyIC1wIH4vLnNzaAplY2hvICdIb3N0IConID4gfi8uc3NoL2NvbmZpZwplY2hvICdTdHJpY3RIb3N0S2V5Q2hlY2tpbmcgbm8nID4+IH4vLnNzaC9jb25maWcKCnRvdWNoIC90bXAvZmluaXNoZWQtc2V0dXAK",
            "volume_tags": null,
            "vpc_security_group_ids": [
              "sg-0452829ca5cfd10e7"
            ]
          },
          "sensitive_attributes": [],
          "private": "eyJlMmJmYjczMC1lY2FhLTExZTYtOGY4OC0zNDM2M2JjN2M0YzAiOnsiY3JlYXRlIjo2MDAwMDAwMDAwMDAsImRlbGV0ZSI6MTIwMDAwMDAwMDAwMCwidXBkYXRlIjo2MDAwMDAwMDAwMDB9LCJzY2hlbWFfdmVyc2lvbiI6IjEifQ==",
          "dependencies": [
            "data.aws_subnet.current",
            "module.loadtest.aws_iam_instance_profile.loadtest",
            "module.loadtest.aws_iam_role.loadtest",
            "module.loadtest.aws_key_pair.loadtest",
            "module.loadtest.aws_security_group.loadtest",
            "module.loadtest.data.aws_ami.amazon_linux_2",
            "module.loadtest.data.aws_vpc.current",
            "module.loadtest.tls_private_key.loadtest"
          ]
        },
        {
          "index_key": 6,
          "schema_version": 1,
          "attributes": {
            "ami": "ami-038b3df3312ddf25d",
            "arn": "arn:aws:ec2:us-east-1:677410771820:instance/i-0b26179a8f5a9679e",
            "associate_public_ip_address": true,
            "availability_zone": "us-east-1c",
            "capacity_reservation_specification": [
              {
                "capacity_reservation_preference": "open",
                "capacity_reservation_target": []
              }
            ],
            "cpu_core_count": 2,
            "cpu_threads_per_core": 2,
            "credit_specification": [],
            "disable_api_termination": false,
            "ebs_block_device": [],
            "ebs_optimized": false,
            "enclave_options": [
              {
                "enabled": false
              }
            ],
            "ephemeral_block_device": [],
            "get_password_data": false,
            "hibernation": false,
            "host_id": null,
            "iam_instance_profile": "provision-name-loadtest-profile",
            "id": "i-0b26179a8f5a9679e",
            "instance_initiated_shutdown_behavior": "stop",
            "instance_state": "running",
            "instance_type": "c5n.xlarge",
            "ipv6_address_count": 0,
            "ipv6_addresses": [],
            "key_name": "provision-name-loadtest-keypair",
            "launch_template": [],
            "metadata_options": [
              {
                "http_endpoint": "enabled",
                "http_put_response_hop_limit": 1,
                "http_tokens": "optional",
                "instance_metadata_tags": "disabled"
              }
            ],
            "monitoring": true,
            "network_interface": [],
            "outpost_arn": "",
            "password_data": "",
            "placement_group": "",
            "placement_partition_number": null,
            "primary_network_interface_id": "eni-0ff858832723ef1e3",
            "private_dns": "ip-172-31-93-166.ec2.internal",
            "private_ip": "172.31.93.166",
            "public_dns": "ec2-34-207-124-203.compute-1.amazonaws.com",
            "public_ip": "34.207.124.203",
            "root_block_device": [
              {
                "delete_on_termination": true,
                "device_name": "/dev/xvda",
                "encrypted": false,
                "iops": 100,
                "kms_key_id": "",
                "tags": {},
                "throughput": 0,
                "volume_id": "vol-035f0819c67c36314",
                "volume_size": 8,
                "volume_type": "gp2"
              }
            ],
            "secondary_private_ips": [],
            "security_groups": [
              "provision-name-loadtest-seg"
            ],
            "source_dest_check": true,
            "subnet_id": "subnet-7486815a",
            "tags": null,
            "tags_all": {},
            "tenancy": "default",
            "timeouts": null,
            "user_data": null,
            "user_data_base64": "IyEvYmluL2Jhc2gKCnN1ZG8geXVtIHVwZGF0ZSAteQpzdWRvIHl1bSBpbnN0YWxsIC15IHBjcmUyLWRldmVsLng4Nl82NCBweXRob24gZ2NjIHB5dGhvbjMtZGV2ZWwgdHpkYXRhIGN1cmwgdW56aXAgYmFzaCBodG9wCgojIExPQ1VTVApleHBvcnQgTE9DVVNUX1ZFUlNJT049IjIuNC4zIgpzdWRvIHBpcDMgaW5zdGFsbCBsb2N1c3Q9PSRMT0NVU1RfVkVSU0lPTgoKZXhwb3J0IFBSSVZBVEVfSVA9JChob3N0bmFtZSAtSSB8IGF3ayAne3ByaW50ICQxfScpCmVjaG8gIlBSSVZBVEVfSVA9JFBSSVZBVEVfSVAiID4+IC9ldGMvZW52aXJvbm1lbnQKCnNvdXJjZSB+Ly5iYXNocmMKCm1rZGlyIC1wIH4vLnNzaAplY2hvICdIb3N0IConID4gfi8uc3NoL2NvbmZpZwplY2hvICdTdHJpY3RIb3N0S2V5Q2hlY2tpbmcgbm8nID4+IH4vLnNzaC9jb25maWcKCnRvdWNoIC90bXAvZmluaXNoZWQtc2V0dXAK",
            "volume_tags": null,
            "vpc_security_group_ids": [
              "sg-0452829ca5cfd10e7"
            ]
          },
          "sensitive_attributes": [],
          "private": "eyJlMmJmYjczMC1lY2FhLTExZTYtOGY4OC0zNDM2M2JjN2M0YzAiOnsiY3JlYXRlIjo2MDAwMDAwMDAwMDAsImRlbGV0ZSI6MTIwMDAwMDAwMDAwMCwidXBkYXRlIjo2MDAwMDAwMDAwMDB9LCJzY2hlbWFfdmVyc2lvbiI6IjEifQ==",
          "dependencies": [
            "data.aws_subnet.current",
            "module.loadtest.aws_iam_instance_profile.loadtest",
            "module.loadtest.aws_iam_role.loadtest",
            "module.loadtest.aws_key_pair.loadtest",
            "module.loadtest.aws_security_group.loadtest",
            "module.loadtest.data.aws_ami.amazon_linux_2",
            "module.loadtest.data.aws_vpc.current",
            "module.loadtest.tls_private_key.loadtest"
          ]
        },
        {
          "index_key": 7,
          "schema_version": 1,
          "attributes": {
            "ami": "ami-038b3df3312ddf25d",
            "arn": "arn:aws:ec2:us-east-1:677410771820:instance/i-067450739a6cf3563",
            "associate_public_ip_address": true,
            "availability_zone": "us-east-1c",
            "capacity_reservation_specification": [
              {
                "capacity_reservation_preference": "open",
                "capacity_reservation_target": []
              }
            ],
            "cpu_core_count": 2,
            "cpu_threads_per_core": 2,
            "credit_specification": [],
            "disable_api_termination": false,
            "ebs_block_device": [],
            "ebs_optimized": false,
            "enclave_options": [
              {
                "enabled": false
              }
            ],
            "ephemeral_block_device": [],
            "get_password_data": false,
            "hibernation": false,
            "host_id": null,
            "iam_instance_profile": "provision-name-loadtest-profile",
            "id": "i-067450739a6cf3563",
            "instance_initiated_shutdown_behavior": "stop",
            "instance_state": "running",
            "instance_type": "c5n.xlarge",
            "ipv6_address_count": 0,
            "ipv6_addresses": [],
            "key_name": "provision-name-loadtest-keypair",
            "launch_template": [],
            "metadata_options": [
              {
                "http_endpoint": "enabled",
                "http_put_response_hop_limit": 1,
                "http_tokens": "optional",
                "instance_metadata_tags": "disabled"
              }
            ],
            "monitoring": true,
            "network_interface": [],
            "outpost_arn": "",
            "password_data": "",
            "placement_group": "",
            "placement_partition_number": null,
            "primary_network_interface_id": "eni-0fa1ebbc045ce4eb9",
            "private_dns": "ip-172-31-89-24.ec2.internal",
            "private_ip": "172.31.89.24",
            "public_dns": "ec2-3-83-90-245.compute-1.amazonaws.com",
            "public_ip": "3.83.90.245",
            "root_block_device": [
              {
                "delete_on_termination": true,
                "device_name": "/dev/xvda",
                "encrypted": false,
                "iops": 100,
                "kms_key_id": "",
                "tags": {},
                "throughput": 0,
                "volume_id": "vol-09fa728926df3be81",
                "volume_size": 8,
                "volume_type": "gp2"
              }
            ],
            "secondary_private_ips": [],
            "security_groups": [
              "provision-name-loadtest-seg"
            ],
            "source_dest_check": true,
            "subnet_id": "subnet-7486815a",
            "tags": null,
            "tags_all": {},
            "tenancy": "default",
            "timeouts": null,
            "user_data": null,
            "user_data_base64": "IyEvYmluL2Jhc2gKCnN1ZG8geXVtIHVwZGF0ZSAteQpzdWRvIHl1bSBpbnN0YWxsIC15IHBjcmUyLWRldmVsLng4Nl82NCBweXRob24gZ2NjIHB5dGhvbjMtZGV2ZWwgdHpkYXRhIGN1cmwgdW56aXAgYmFzaCBodG9wCgojIExPQ1VTVApleHBvcnQgTE9DVVNUX1ZFUlNJT049IjIuNC4zIgpzdWRvIHBpcDMgaW5zdGFsbCBsb2N1c3Q9PSRMT0NVU1RfVkVSU0lPTgoKZXhwb3J0IFBSSVZBVEVfSVA9JChob3N0bmFtZSAtSSB8IGF3ayAne3ByaW50ICQxfScpCmVjaG8gIlBSSVZBVEVfSVA9JFBSSVZBVEVfSVAiID4+IC9ldGMvZW52aXJvbm1lbnQKCnNvdXJjZSB+Ly5iYXNocmMKCm1rZGlyIC1wIH4vLnNzaAplY2hvICdIb3N0IConID4gfi8uc3NoL2NvbmZpZwplY2hvICdTdHJpY3RIb3N0S2V5Q2hlY2tpbmcgbm8nID4+IH4vLnNzaC9jb25maWcKCnRvdWNoIC90bXAvZmluaXNoZWQtc2V0dXAK",
            "volume_tags": null,
            "vpc_security_group_ids": [
              "sg-0452829ca5cfd10e7"
            ]
          },
          "sensitive_attributes": [],
          "private": "eyJlMmJmYjczMC1lY2FhLTExZTYtOGY4OC0zNDM2M2JjN2M0YzAiOnsiY3JlYXRlIjo2MDAwMDAwMDAwMDAsImRlbGV0ZSI6MTIwMDAwMDAwMDAwMCwidXBkYXRlIjo2MDAwMDAwMDAwMDB9LCJzY2hlbWFfdmVyc2lvbiI6IjEifQ==",
          "dependencies": [
            "data.aws_subnet.current",
            "module.loadtest.aws_iam_instance_profile.loadtest",
            "module.loadtest.aws_iam_role.loadtest",
            "module.loadtest.aws_key_pair.loadtest",
            "module.loadtest.aws_security_group.loadtest",
            "module.loadtest.data.aws_ami.amazon_linux_2",
            "module.loadtest.data.aws_vpc.current",
            "module.loadtest.tls_private_key.loadtest"
          ]
        },
        {
          "index_key": 8,
          "schema_version": 1,
          "attributes": {
            "ami": "ami-038b3df3312ddf25d",
            "arn": "arn:aws:ec2:us-east-1:677410771820:instance/i-030060ef2a4db01e1",
            "associate_public_ip_address": true,
            "availability_zone": "us-east-1c",
            "capacity_reservation_specification": [
              {
                "capacity_reservation_preference": "open",
                "capacity_reservation_target": []
              }
            ],
            "cpu_core_count": 2,
            "cpu_threads_per_core": 2,
            "credit_specification": [],
            "disable_api_termination": false,
            "ebs_block_device": [],
            "ebs_optimized": false,
            "enclave_options": [
              {
                "enabled": false
              }
            ],
            "ephemeral_block_device": [],
            "get_password_data": false,
            "hibernation": false,
            "host_id": null,
            "iam_instance_profile": "provision-name-loadtest-profile",
            "id": "i-030060ef2a4db01e1",
            "instance_initiated_shutdown_behavior": "stop",
            "instance_state": "running",
            "instance_type": "c5n.xlarge",
            "ipv6_address_count": 0,
            "ipv6_addresses": [],
            "key_name": "provision-name-loadtest-keypair",
            "launch_template": [],
            "metadata_options": [
              {
                "http_endpoint": "enabled",
                "http_put_response_hop_limit": 1,
                "http_tokens": "optional",
                "instance_metadata_tags": "disabled"
              }
            ],
            "monitoring": true,
            "network_interface": [],
            "outpost_arn": "",
            "password_data": "",
            "placement_group": "",
            "placement_partition_number": null,
            "primary_network_interface_id": "eni-0f16e32280cec8701",
            "private_dns": "ip-172-31-89-149.ec2.internal",
            "private_ip": "172.31.89.149",
            "public_dns": "ec2-52-87-205-167.compute-1.amazonaws.com",
            "public_ip": "52.87.205.167",
            "root_block_device": [
              {
                "delete_on_termination": true,
                "device_name": "/dev/xvda",
                "encrypted": false,
                "iops": 100,
                "kms_key_id": "",
                "tags": {},
                "throughput": 0,
                "volume_id": "vol-04728f379bd1d4c2f",
                "volume_size": 8,
                "volume_type": "gp2"
              }
            ],
            "secondary_private_ips": [],
            "security_groups": [
              "provision-name-loadtest-seg"
            ],
            "source_dest_check": true,
            "subnet_id": "subnet-7486815a",
            "tags": null,
            "tags_all": {},
            "tenancy": "default",
            "timeouts": null,
            "user_data": null,
            "user_data_base64": "IyEvYmluL2Jhc2gKCnN1ZG8geXVtIHVwZGF0ZSAteQpzdWRvIHl1bSBpbnN0YWxsIC15IHBjcmUyLWRldmVsLng4Nl82NCBweXRob24gZ2NjIHB5dGhvbjMtZGV2ZWwgdHpkYXRhIGN1cmwgdW56aXAgYmFzaCBodG9wCgojIExPQ1VTVApleHBvcnQgTE9DVVNUX1ZFUlNJT049IjIuNC4zIgpzdWRvIHBpcDMgaW5zdGFsbCBsb2N1c3Q9PSRMT0NVU1RfVkVSU0lPTgoKZXhwb3J0IFBSSVZBVEVfSVA9JChob3N0bmFtZSAtSSB8IGF3ayAne3ByaW50ICQxfScpCmVjaG8gIlBSSVZBVEVfSVA9JFBSSVZBVEVfSVAiID4+IC9ldGMvZW52aXJvbm1lbnQKCnNvdXJjZSB+Ly5iYXNocmMKCm1rZGlyIC1wIH4vLnNzaAplY2hvICdIb3N0IConID4gfi8uc3NoL2NvbmZpZwplY2hvICdTdHJpY3RIb3N0S2V5Q2hlY2tpbmcgbm8nID4+IH4vLnNzaC9jb25maWcKCnRvdWNoIC90bXAvZmluaXNoZWQtc2V0dXAK",
            "volume_tags": null,
            "vpc_security_group_ids": [
              "sg-0452829ca5cfd10e7"
            ]
          },
          "sensitive_attributes": [],
          "private": "eyJlMmJmYjczMC1lY2FhLTExZTYtOGY4OC0zNDM2M2JjN2M0YzAiOnsiY3JlYXRlIjo2MDAwMDAwMDAwMDAsImRlbGV0ZSI6MTIwMDAwMDAwMDAwMCwidXBkYXRlIjo2MDAwMDAwMDAwMDB9LCJzY2hlbWFfdmVyc2lvbiI6IjEifQ==",
          "dependencies": [
            "data.aws_subnet.current",
            "module.loadtest.aws_iam_instance_profile.loadtest",
            "module.loadtest.aws_iam_role.loadtest",
            "module.loadtest.aws_key_pair.loadtest",
            "module.loadtest.aws_security_group.loadtest",
            "module.loadtest.data.aws_ami.amazon_linux_2",
            "module.loadtest.data.aws_vpc.current",
            "module.loadtest.tls_private_key.loadtest"
          ]
        },
        {
          "index_key": 9,
          "schema_version": 1,
          "attributes": {
            "ami": "ami-038b3df3312ddf25d",
            "arn": "arn:aws:ec2:us-east-1:677410771820:instance/i-0b92108f29ebc3bf4",
            "associate_public_ip_address": true,
            "availability_zone": "us-east-1c",
            "capacity_reservation_specification": [
              {
                "capacity_reservation_preference": "open",
                "capacity_reservation_target": []
              }
            ],
            "cpu_core_count": 2,
            "cpu_threads_per_core": 2,
            "credit_specification": [],
            "disable_api_termination": false,
            "ebs_block_device": [],
            "ebs_optimized": false,
            "enclave_options": [
              {
                "enabled": false
              }
            ],
            "ephemeral_block_device": [],
            "get_password_data": false,
            "hibernation": false,
            "host_id": null,
            "iam_instance_profile": "provision-name-loadtest-profile",
            "id": "i-0b92108f29ebc3bf4",
            "instance_initiated_shutdown_behavior": "stop",
            "instance_state": "running",
            "instance_type": "c5n.xlarge",
            "ipv6_address_count": 0,
            "ipv6_addresses": [],
            "key_name": "provision-name-loadtest-keypair",
            "launch_template": [],
            "metadata_options": [
              {
                "http_endpoint": "enabled",
                "http_put_response_hop_limit": 1,
                "http_tokens": "optional",
                "instance_metadata_tags": "disabled"
              }
            ],
            "monitoring": true,
            "network_interface": [],
            "outpost_arn": "",
            "password_data": "",
            "placement_group": "",
            "placement_partition_number": null,
            "primary_network_interface_id": "eni-0b4001debf7fa5b20",
            "private_dns": "ip-172-31-91-77.ec2.internal",
            "private_ip": "172.31.91.77",
            "public_dns": "ec2-34-207-86-232.compute-1.amazonaws.com",
            "public_ip": "34.207.86.232",
            "root_block_device": [
              {
                "delete_on_termination": true,
                "device_name": "/dev/xvda",
                "encrypted": false,
                "iops": 100,
                "kms_key_id": "",
                "tags": {},
                "throughput": 0,
                "volume_id": "vol-0e8d80b3b6fe74499",
                "volume_size": 8,
                "volume_type": "gp2"
              }
            ],
            "secondary_private_ips": [],
            "security_groups": [
              "provision-name-loadtest-seg"
            ],
            "source_dest_check": true,
            "subnet_id": "subnet-7486815a",
            "tags": null,
            "tags_all": {},
            "tenancy": "default",
            "timeouts": null,
            "user_data": null,
            "user_data_base64": "IyEvYmluL2Jhc2gKCnN1ZG8geXVtIHVwZGF0ZSAteQpzdWRvIHl1bSBpbnN0YWxsIC15IHBjcmUyLWRldmVsLng4Nl82NCBweXRob24gZ2NjIHB5dGhvbjMtZGV2ZWwgdHpkYXRhIGN1cmwgdW56aXAgYmFzaCBodG9wCgojIExPQ1VTVApleHBvcnQgTE9DVVNUX1ZFUlNJT049IjIuNC4zIgpzdWRvIHBpcDMgaW5zdGFsbCBsb2N1c3Q9PSRMT0NVU1RfVkVSU0lPTgoKZXhwb3J0IFBSSVZBVEVfSVA9JChob3N0bmFtZSAtSSB8IGF3ayAne3ByaW50ICQxfScpCmVjaG8gIlBSSVZBVEVfSVA9JFBSSVZBVEVfSVAiID4+IC9ldGMvZW52aXJvbm1lbnQKCnNvdXJjZSB+Ly5iYXNocmMKCm1rZGlyIC1wIH4vLnNzaAplY2hvICdIb3N0IConID4gfi8uc3NoL2NvbmZpZwplY2hvICdTdHJpY3RIb3N0S2V5Q2hlY2tpbmcgbm8nID4+IH4vLnNzaC9jb25maWcKCnRvdWNoIC90bXAvZmluaXNoZWQtc2V0dXAK",
            "volume_tags": null,
            "vpc_security_group_ids": [
              "sg-0452829ca5cfd10e7"
            ]
          },
          "sensitive_attributes": [],
          "private": "eyJlMmJmYjczMC1lY2FhLTExZTYtOGY4OC0zNDM2M2JjN2M0YzAiOnsiY3JlYXRlIjo2MDAwMDAwMDAwMDAsImRlbGV0ZSI6MTIwMDAwMDAwMDAwMCwidXBkYXRlIjo2MDAwMDAwMDAwMDB9LCJzY2hlbWFfdmVyc2lvbiI6IjEifQ==",
          "dependencies": [
            "data.aws_subnet.current",
            "module.loadtest.aws_iam_instance_profile.loadtest",
            "module.loadtest.aws_iam_role.loadtest",
            "module.loadtest.aws_key_pair.loadtest",
            "module.loadtest.aws_security_group.loadtest",
            "module.loadtest.data.aws_ami.amazon_linux_2",
            "module.loadtest.data.aws_vpc.current",
            "module.loadtest.tls_private_key.loadtest"
          ]
        }
      ]
    },
    {
      "module": "module.loadtest",
      "mode": "managed",
      "type": "aws_key_pair",
      "name": "loadtest",
      "provider": "provider[\"registry.terraform.io/hashicorp/aws\"]",
      "instances": [
        {
          "schema_version": 1,
          "attributes": {
            "arn": "arn:aws:ec2:us-east-1:677410771820:key-pair/provision-name-loadtest-keypair",
            "fingerprint": "25:13:4e:11:99:a7:f6:29:5b:c4:02:92:b0:fd:c2:b0",
            "id": "provision-name-loadtest-keypair",
            "key_name": "provision-name-loadtest-keypair",
            "key_name_prefix": "",
            "key_pair_id": "key-0204e939c7bba7c0d",
            "public_key": "ssh-rsa AAAAB3NzaC1yc2EAAAADAQABAAACAQCwEuP3XcUhjXJV3ofJctpyDEQhWDvE2DsjYJxpgSHONoxSAFMdizlDpvowNOvNOqzcOf2Oo+ZodviXPKfZF0u0q0TvBDQCVAOzNbNDA9dO6PJSEhef7C50MOuk9U+DE5nV4Gcse7yJLBUGFpbbEFlvT4S9z4aD9PFSbwFClCA1KsnuaJ5b9C9W4NL3JF4Eg/DbPBIJySukolLauWnm11xyV9+GytgYKBLp9vA1G+BgUkymI9Ajw/7ZxyKavVo9/6Iu0JnheyrzFDtc5TEJYo0BROa0AMi3b1fmuFpwzyOHXW4xAUPaoXIxng4mzimZnf+sUtK9VlUAz9pBCZbaLgD5gP+Lt3/e8IR5spaulxMPnZm0kwl1xzlnHNW5ruFyiPKfSX120g+ik7XhG3grLA8VWIbQhf+AtGFQPon1/DJwh0F3TRjULAECzroUPRQx/p+u46Af46tMGF9Trwq40Pl22mP5KD52ugCbxdanLEu240viQJCzH+q3Ki4hf0Dav1Spj6JzPR5JvoFs7JKf+DgjJ7MbS12MQZGbxrlLu/cNMCq67CeYiUpA8c87gmrg/gQX4b9kAR/xcW59sGj4AeiFBVz2hgJ3R7Lj6yXQCRlIHyP4dX5qaB9KDLnLm3TSKg0cXoY75RivLm88bSq5+dULv3qjO1BS5PrBDCxmF/EVpw==",
            "tags": null,
            "tags_all": {}
          },
          "sensitive_attributes": [],
          "private": "eyJzY2hlbWFfdmVyc2lvbiI6IjEifQ==",
          "dependencies": [
            "module.loadtest.tls_private_key.loadtest"
          ]
        }
      ]
    },
    {
      "module": "module.loadtest",
      "mode": "managed",
      "type": "aws_security_group",
      "name": "loadtest",
      "provider": "provider[\"registry.terraform.io/hashicorp/aws\"]",
      "instances": [
        {
          "schema_version": 1,
          "attributes": {
            "arn": "arn:aws:ec2:us-east-1:677410771820:security-group/sg-0452829ca5cfd10e7",
            "description": "Allow inbound traffic for Jmeter",
            "egress": [
              {
                "cidr_blocks": [
                  "0.0.0.0/0"
                ],
                "description": "",
                "from_port": 0,
                "ipv6_cidr_blocks": [],
                "prefix_list_ids": [],
                "protocol": "-1",
                "security_groups": [],
                "self": false,
                "to_port": 0
              }
            ],
            "id": "sg-0452829ca5cfd10e7",
            "ingress": [
              {
                "cidr_blocks": [
                  "0.0.0.0/0"
                ],
                "description": "HTTP",
                "from_port": 80,
                "ipv6_cidr_blocks": [],
                "prefix_list_ids": [],
                "protocol": "tcp",
                "security_groups": [],
                "self": false,
                "to_port": 80
              },
              {
                "cidr_blocks": [
                  "0.0.0.0/0"
                ],
                "description": "HTTPS",
                "from_port": 443,
                "ipv6_cidr_blocks": [],
                "prefix_list_ids": [],
                "protocol": "tcp",
                "security_groups": [],
                "self": false,
                "to_port": 443
              },
              {
                "cidr_blocks": [
                  "0.0.0.0/0"
                ],
                "description": "port 22",
                "from_port": 22,
                "ipv6_cidr_blocks": [],
                "prefix_list_ids": [],
                "protocol": "tcp",
                "security_groups": [],
                "self": false,
                "to_port": 22
              },
              {
                "cidr_blocks": [],
                "description": "",
                "from_port": 0,
                "ipv6_cidr_blocks": [],
                "prefix_list_ids": [],
                "protocol": "-1",
                "security_groups": [],
                "self": true,
                "to_port": 0
              }
            ],
            "name": "provision-name-loadtest-seg",
            "name_prefix": "",
            "owner_id": "677410771820",
            "revoke_rules_on_delete": false,
            "tags": {
              "Name": "provision-name-loadtest-seg"
            },
            "tags_all": {
              "Name": "provision-name-loadtest-seg"
            },
            "timeouts": null,
            "vpc_id": "vpc-ca095db0"
          },
          "sensitive_attributes": [],
          "private": "eyJlMmJmYjczMC1lY2FhLTExZTYtOGY4OC0zNDM2M2JjN2M0YzAiOnsiY3JlYXRlIjo2MDAwMDAwMDAwMDAsImRlbGV0ZSI6OTAwMDAwMDAwMDAwfSwic2NoZW1hX3ZlcnNpb24iOiIxIn0=",
          "dependencies": [
            "module.loadtest.data.aws_vpc.current"
          ]
        }
      ]
    },
    {
      "module": "module.loadtest",
      "mode": "managed",
      "type": "null_resource",
      "name": "executor",
      "provider": "provider[\"registry.terraform.io/hashicorp/null\"]",
      "instances": [
        {
          "index_key": 0,
          "schema_version": 0,
          "attributes": {
            "id": "2438274806502988222",
            "triggers": {
              "always_run": "2022-02-10T15:42:19Z"
            }
          },
          "sensitive_attributes": [],
          "private": "bnVsbA==",
          "dependencies": [
            "data.aws_subnet.current",
            "module.loadtest.aws_iam_instance_profile.loadtest",
            "module.loadtest.aws_iam_role.loadtest",
            "module.loadtest.aws_instance.leader",
            "module.loadtest.aws_instance.nodes",
            "module.loadtest.aws_key_pair.loadtest",
            "module.loadtest.aws_security_group.loadtest",
            "module.loadtest.data.aws_ami.amazon_linux_2",
            "module.loadtest.data.aws_vpc.current",
            "module.loadtest.null_resource.setup_leader",
            "module.loadtest.null_resource.setup_nodes",
            "module.loadtest.null_resource.spliter_execute_command",
            "module.loadtest.tls_private_key.loadtest"
          ]
        }
      ]
    },
    {
      "module": "module.loadtest",
      "mode": "managed",
      "type": "null_resource",
      "name": "key_pair_exporter",
      "provider": "provider[\"registry.terraform.io/hashicorp/null\"]",
      "instances": [
        {
          "schema_version": 0,
          "attributes": {
            "id": "8969445381073926064",
            "triggers": {
              "always_run": "2022-02-10T15:40:29Z"
            }
          },
          "sensitive_attributes": [],
          "private": "bnVsbA==",
          "dependencies": [
            "module.loadtest.aws_key_pair.loadtest",
            "module.loadtest.tls_private_key.loadtest"
          ]
        }
      ]
    },
    {
      "module": "module.loadtest",
      "mode": "managed",
      "type": "null_resource",
      "name": "setup_leader",
      "provider": "provider[\"registry.terraform.io/hashicorp/null\"]",
      "instances": [
        {
          "schema_version": 0,
          "attributes": {
            "id": "483529395072407775",
            "triggers": null
          },
          "sensitive_attributes": [],
          "private": "bnVsbA==",
          "dependencies": [
            "data.aws_subnet.current",
            "module.loadtest.aws_iam_instance_profile.loadtest",
            "module.loadtest.aws_iam_role.loadtest",
            "module.loadtest.aws_instance.leader",
            "module.loadtest.aws_instance.nodes",
            "module.loadtest.aws_key_pair.loadtest",
            "module.loadtest.aws_security_group.loadtest",
            "module.loadtest.data.aws_ami.amazon_linux_2",
            "module.loadtest.data.aws_vpc.current",
            "module.loadtest.tls_private_key.loadtest"
          ]
        }
      ]
    },
    {
      "module": "module.loadtest",
      "mode": "managed",
      "type": "null_resource",
      "name": "setup_nodes",
      "provider": "provider[\"registry.terraform.io/hashicorp/null\"]",
      "instances": [
        {
          "index_key": 0,
          "schema_version": 0,
          "attributes": {
            "id": "7901133240991508716",
            "triggers": {
              "always_run": "2022-02-10T15:42:13Z"
            }
          },
          "sensitive_attributes": [],
          "private": "bnVsbA==",
          "dependencies": [
            "data.aws_subnet.current",
            "module.loadtest.aws_iam_instance_profile.loadtest",
            "module.loadtest.aws_iam_role.loadtest",
            "module.loadtest.aws_instance.leader",
            "module.loadtest.aws_instance.nodes",
            "module.loadtest.aws_key_pair.loadtest",
            "module.loadtest.aws_security_group.loadtest",
            "module.loadtest.data.aws_ami.amazon_linux_2",
            "module.loadtest.data.aws_vpc.current",
            "module.loadtest.tls_private_key.loadtest"
          ]
        },
        {
          "index_key": 1,
          "schema_version": 0,
          "attributes": {
            "id": "7574257059819234300",
            "triggers": {
              "always_run": "2022-02-10T15:42:09Z"
            }
          },
          "sensitive_attributes": [],
          "private": "bnVsbA==",
          "dependencies": [
            "data.aws_subnet.current",
            "module.loadtest.aws_iam_instance_profile.loadtest",
            "module.loadtest.aws_iam_role.loadtest",
            "module.loadtest.aws_instance.leader",
            "module.loadtest.aws_instance.nodes",
            "module.loadtest.aws_key_pair.loadtest",
            "module.loadtest.aws_security_group.loadtest",
            "module.loadtest.data.aws_ami.amazon_linux_2",
            "module.loadtest.data.aws_vpc.current",
            "module.loadtest.tls_private_key.loadtest"
          ]
        },
        {
          "index_key": 2,
          "schema_version": 0,
          "attributes": {
            "id": "4687447440436674556",
            "triggers": {
              "always_run": "2022-02-10T15:42:09Z"
            }
          },
          "sensitive_attributes": [],
          "private": "bnVsbA==",
          "dependencies": [
            "data.aws_subnet.current",
            "module.loadtest.aws_iam_instance_profile.loadtest",
            "module.loadtest.aws_iam_role.loadtest",
            "module.loadtest.aws_instance.leader",
            "module.loadtest.aws_instance.nodes",
            "module.loadtest.aws_key_pair.loadtest",
            "module.loadtest.aws_security_group.loadtest",
            "module.loadtest.data.aws_ami.amazon_linux_2",
            "module.loadtest.data.aws_vpc.current",
            "module.loadtest.tls_private_key.loadtest"
          ]
        },
        {
          "index_key": 3,
          "schema_version": 0,
          "attributes": {
            "id": "1822998310278548585",
            "triggers": {
              "always_run": "2022-02-10T15:42:13Z"
            }
          },
          "sensitive_attributes": [],
          "private": "bnVsbA==",
          "dependencies": [
            "data.aws_subnet.current",
            "module.loadtest.aws_iam_instance_profile.loadtest",
            "module.loadtest.aws_iam_role.loadtest",
            "module.loadtest.aws_instance.leader",
            "module.loadtest.aws_instance.nodes",
            "module.loadtest.aws_key_pair.loadtest",
            "module.loadtest.aws_security_group.loadtest",
            "module.loadtest.data.aws_ami.amazon_linux_2",
            "module.loadtest.data.aws_vpc.current",
            "module.loadtest.tls_private_key.loadtest"
          ]
        },
        {
          "index_key": 4,
          "schema_version": 0,
          "attributes": {
            "id": "912066539724504604",
            "triggers": {
              "always_run": "2022-02-10T15:42:09Z"
            }
          },
          "sensitive_attributes": [],
          "private": "bnVsbA==",
          "dependencies": [
            "data.aws_subnet.current",
            "module.loadtest.aws_iam_instance_profile.loadtest",
            "module.loadtest.aws_iam_role.loadtest",
            "module.loadtest.aws_instance.leader",
            "module.loadtest.aws_instance.nodes",
            "module.loadtest.aws_key_pair.loadtest",
            "module.loadtest.aws_security_group.loadtest",
            "module.loadtest.data.aws_ami.amazon_linux_2",
            "module.loadtest.data.aws_vpc.current",
            "module.loadtest.tls_private_key.loadtest"
          ]
        },
        {
          "index_key": 5,
          "schema_version": 0,
          "attributes": {
            "id": "139255905932810800",
            "triggers": {
              "always_run": "2022-02-10T15:42:09Z"
            }
          },
          "sensitive_attributes": [],
          "private": "bnVsbA==",
          "dependencies": [
            "data.aws_subnet.current",
            "module.loadtest.aws_iam_instance_profile.loadtest",
            "module.loadtest.aws_iam_role.loadtest",
            "module.loadtest.aws_instance.leader",
            "module.loadtest.aws_instance.nodes",
            "module.loadtest.aws_key_pair.loadtest",
            "module.loadtest.aws_security_group.loadtest",
            "module.loadtest.data.aws_ami.amazon_linux_2",
            "module.loadtest.data.aws_vpc.current",
            "module.loadtest.tls_private_key.loadtest"
          ]
        },
        {
          "index_key": 6,
          "schema_version": 0,
          "attributes": {
            "id": "1964587836939879717",
            "triggers": {
              "always_run": "2022-02-10T15:42:09Z"
            }
          },
          "sensitive_attributes": [],
          "private": "bnVsbA==",
          "dependencies": [
            "data.aws_subnet.current",
            "module.loadtest.aws_iam_instance_profile.loadtest",
            "module.loadtest.aws_iam_role.loadtest",
            "module.loadtest.aws_instance.leader",
            "module.loadtest.aws_instance.nodes",
            "module.loadtest.aws_key_pair.loadtest",
            "module.loadtest.aws_security_group.loadtest",
            "module.loadtest.data.aws_ami.amazon_linux_2",
            "module.loadtest.data.aws_vpc.current",
            "module.loadtest.tls_private_key.loadtest"
          ]
        },
        {
          "index_key": 7,
          "schema_version": 0,
          "attributes": {
            "id": "2745384770628872905",
            "triggers": {
              "always_run": "2022-02-10T15:42:09Z"
            }
          },
          "sensitive_attributes": [],
          "private": "bnVsbA==",
          "dependencies": [
            "data.aws_subnet.current",
            "module.loadtest.aws_iam_instance_profile.loadtest",
            "module.loadtest.aws_iam_role.loadtest",
            "module.loadtest.aws_instance.leader",
            "module.loadtest.aws_instance.nodes",
            "module.loadtest.aws_key_pair.loadtest",
            "module.loadtest.aws_security_group.loadtest",
            "module.loadtest.data.aws_ami.amazon_linux_2",
            "module.loadtest.data.aws_vpc.current",
            "module.loadtest.tls_private_key.loadtest"
          ]
        },
        {
          "index_key": 8,
          "schema_version": 0,
          "attributes": {
            "id": "937382180697235578",
            "triggers": {
              "always_run": "2022-02-10T15:42:09Z"
            }
          },
          "sensitive_attributes": [],
          "private": "bnVsbA==",
          "dependencies": [
            "data.aws_subnet.current",
            "module.loadtest.aws_iam_instance_profile.loadtest",
            "module.loadtest.aws_iam_role.loadtest",
            "module.loadtest.aws_instance.leader",
            "module.loadtest.aws_instance.nodes",
            "module.loadtest.aws_key_pair.loadtest",
            "module.loadtest.aws_security_group.loadtest",
            "module.loadtest.data.aws_ami.amazon_linux_2",
            "module.loadtest.data.aws_vpc.current",
            "module.loadtest.tls_private_key.loadtest"
          ]
        },
        {
          "index_key": 9,
          "schema_version": 0,
          "attributes": {
            "id": "8439918395824487309",
            "triggers": {
              "always_run": "2022-02-10T15:42:09Z"
            }
          },
          "sensitive_attributes": [],
          "private": "bnVsbA==",
          "dependencies": [
            "data.aws_subnet.current",
            "module.loadtest.aws_iam_instance_profile.loadtest",
            "module.loadtest.aws_iam_role.loadtest",
            "module.loadtest.aws_instance.leader",
            "module.loadtest.aws_instance.nodes",
            "module.loadtest.aws_key_pair.loadtest",
            "module.loadtest.aws_security_group.loadtest",
            "module.loadtest.data.aws_ami.amazon_linux_2",
            "module.loadtest.data.aws_vpc.current",
            "module.loadtest.tls_private_key.loadtest"
          ]
        }
      ]
    },
    {
      "module": "module.loadtest",
      "mode": "managed",
      "type": "null_resource",
      "name": "spliter_execute_command",
      "provider": "provider[\"registry.terraform.io/hashicorp/null\"]",
      "instances": [
        {
          "schema_version": 0,
          "attributes": {
            "id": "5580406096677577086",
            "triggers": null
          },
          "sensitive_attributes": [],
          "private": "bnVsbA==",
          "dependencies": [
            "data.aws_subnet.current",
            "module.loadtest.aws_iam_instance_profile.loadtest",
            "module.loadtest.aws_iam_role.loadtest",
            "module.loadtest.aws_instance.leader",
            "module.loadtest.aws_instance.nodes",
            "module.loadtest.aws_key_pair.loadtest",
            "module.loadtest.aws_security_group.loadtest",
            "module.loadtest.data.aws_ami.amazon_linux_2",
            "module.loadtest.data.aws_vpc.current",
            "module.loadtest.tls_private_key.loadtest"
          ]
        }
      ]
    },
    {
      "module": "module.loadtest",
      "mode": "managed",
      "type": "tls_private_key",
      "name": "loadtest",
      "provider": "provider[\"registry.terraform.io/hashicorp/tls\"]",
      "instances": [
        {
          "schema_version": 0,
          "attributes": {
            "algorithm": "RSA",
            "ecdsa_curve": "P224",
            "id": "7f03b2010e388bd4b63335c123b6ba3b189c043c",
            "private_key_pem": "-----BEGIN RSA PRIVATE KEY-----\nMIIJKQIBAAKCAgEAsBLj913FIY1yVd6HyXLacgxEIVg7xNg7I2CcaYEhzjaMUgBT\nHYs5Q6b6MDTrzTqs3Dn9jqPmaHb4lzyn2RdLtKtE7wQ0AlQDszWzQwPXTujyUhIX\nn+wudDDrpPVPgxOZ1eBnLHu8iSwVBhaW2xBZb0+Evc+Gg/TxUm8BQpQgNSrJ7mie\nW/QvVuDS9yReBIPw2zwSCckrpKJS2rlp5tdcclffhsrYGCgS6fbwNRvgYFJMpiPQ\nI8P+2ccimr1aPf+iLtCZ4Xsq8xQ7XOUxCWKNAUTmtADIt29X5rhacM8jh11uMQFD\n2qFyMZ4OJs4pmZ3/rFLSvVZVAM/aQQmW2i4A+YD/i7d/3vCEebKWrpcTD52ZtJMJ\ndcc5ZxzVua7hcojyn0l9dtIPopO14Rt4KywPFViG0IX/gLRhUD6J9fwycIdBd00Y\n1CwBAs66FD0UMf6fruOgH+OrTBhfU68KuND5dtpj+Sg+droAm8XWpyxLtuNL4kCQ\nsx/qtyouIX9A2r9UqY+icz0eSb6BbOySn/g4IyezG0tdjEGRm8a5S7v3DTAquuwn\nmIlKQPHPO4Jq4P4EF+G/ZAEf8XFufbBo+AHohQVc9oYCd0ey4+sl0AkZSB8j+HV+\namgfSgy5y5t00ioNHF6GO+UYry5vPG0qufnVC796oztQUuT6wQwsZhfxFacCAwEA\nAQKCAgAWxDqJz6wfrIRuKfnwyFMKkB93GEuSJktvRZyz36iZW2BFchlNJqVe5AZR\nmWYsATw8tZrdiL/QHiICnCsv3N1DHSoqpaZ77pUT5QuqzKJYZ7J9fi1j1kwjZffy\nOm3viudHSl7M16sHKZYGVYFoDfMie2u0h1LjWRajDAtjqneHqGK32vsu9KHyX9un\nbSJi/xRzpI7IiSSFgx+nfHX/DTW86zPR4ASVCwl3CyEAHPykN8AFc3gER+F6E0+c\nJoO2pIk5+GsNRrnE+Ia8ej4e8ok88sXJ3JgXb+Qzxv6au43igOgwmfNGH73+QGug\nBORIIq/efk8VgEY5dqbH5g+FYpFpenYk5FG2cctVLzVj3Yn9EAUrgNwfBUFIkjGl\nN3XdHu7ZrpMN2tmqmV//UlLQrkseklE+mheFgluHD5pBQ1o0dLZHZpO4umXSKAnp\n4lMfUNvgDH/eqpmMHhGextVMQEkH3b2Z+xvjaoBdHXo0c/cUrcoGDkAeL4tWLFEX\nelpIom4X/WYeQ+fwTnU5k1Hzlj1S1HogzeMBu94Oq+BqFpE0gLgGd8JILklSzhhn\n8D+mN6vycB38d03Ab/yEYo//z4997abc2112FpnIBWatysl+nzNpOr3AHqdrwjwb\nksAfTHuwT1eL2uwzfNFKLkH/0YeJcvqLB/cqDGeMjAp92KUGEQKCAQEA5seAyxjt\nopu1vYoaH3xQlv19zSoFG8HGjxDlviXsX5Qm90AcZIDWRpfPs+ln/SqF+DvXtknx\nWtYwG1G+N0MIdVRzMm4tw6tg+z1KFMWFgigqOSugVcDmQ8zwsAjpegwSwgAqAoI3\nFgmEKYD0UTh1v+GASNJfwlEZX9AqYValxs9kNxjgF6v2NkvcjUnb9j5Asc0un6JM\n9RVHMu1JdLtixmV6keof1DYDGaw0Ba6imbT24vIsRP+NnOGmszUKc6n/RXfZwMWu\nn4JZZDMQqxJQyQXAlbtf5Jn6K1sh0gRUNu2lyFr0J8omrhLJ6nKLd9AK2+8QhZi2\n52A6NL5aoocC5QKCAQEAw1DlFiJXuzdIM1MtuZJwLWSU2J1IoU66XnQQYzIr7ih/\nC5YY73m6YqtenJo2P/9rvsujlCGaaQpEWwIOJtTyxFMAc/55RSdF7m7GSIqPmx/S\nO+OD4/KIZvpIo6ZNFh5EK48jiGfD8uFpufYORCjtAdx15eoOfzVEYRO3Fpx6EeAC\nWvNw4yjZWcKk1pFc/FRck1qtiAdjV9nYLKCB6pHpy9D/WNPrXhbOgfDwoPB+N0qI\nnSZhU0qCtn4WCPkgvqlry3jDhehVQLGj3ix5HWY0wzxa2ktiHFZK77GBR4uef3Lw\nmqT9lv+sLc3D6QFZHkkRP0Ne6hh2XKgXrlAUbUqxmwKCAQEAm4G5jqGIl3b3GvYx\nLiA1qdi8aYA0GwUTCBppxRyGz8zkCN2hhDOwr7biVagk01pRFfk1HPdsdDo6Bl6p\nn1FDJNS4HzZRDjWwTvt4rNCAazknYoi8LKykPPGfCe+na/8wsJsts60M84OME+96\nMjSqW5bXO7rOngDJ6V86/4ZEhNgA/oN7lVfhu6qYvngTiTVfoK/TB+x0kP06kd2F\nDuyp3WhKFIK/2d5fbnA0SdPoa0yexERNglz1js4a500JcvENO0FMcPKD/aX3GGa0\nh6H638pJgFvXfRIomgh5nKwgFzdB6+Ul+p3kPI4akymGQ0Dj4FmSN4O1U+nqrtnJ\n9xSk5QKCAQEAs+AYWp4eNejfsYT1I2ZdsTBkdGnFrekXck1pmjFmi9r3xe/h3wo4\nQQ6Z/5d2RtIwpHJen9minwI5mab26YRMX8ohLLI7dRiKKuAR9FTHlJFlyInruU5v\nmIb/xtctPyV4mrUkgEcwCsrV19FnqhYW0BP88FTyLO0doFnL0CMjuLqY8LIqUMoa\nAbRkoscU373B1GM6VYCYWRvjHpZjj2f57R75SxFAPlK6tKj0swNI+hrGXhQupcqF\nPxQ3ruPg6DaXc7gwOW6StRXkWISUtiKejP9UnJ24KWi/cqgC66UFv1JXi9RPR3UH\nWNebiUcYj++y1pRxIR6OQx77UCmn5k9X6QKCAQBqPmbAICr4UbQhYcZAj/02F3Zh\nZ6u+0Yz+i9g5i72wSbnRNz86+y9rWRLqCNeYKfhnOzY2xJrsiAq79Wq0YUuMeFsg\n0ZjU5sdKnYgr2gOM+nLOFG3QVRoo+V6RrO2TdwB5qhU98ezVyKZ/6skopnB2O3ya\nOPbOaaFeg4cgwLv1+NjQEJcv0FboRo6zylJYPbaVc6lnEzSn0Dk+kpyzvil3GfcN\nZdz8t+TCaQ3+jhI7OSUWMnIhXOBJAHhQOifC8CHwBtWqezh7ZzA1LPB9VLP/Xly2\nCqbICLZluZH+RhFMeB3g6O1BjRIF3Up9knf6zG7dB1mvHXvbVhvMUJR9rl3h\n-----END RSA PRIVATE KEY-----\n",
            "public_key_fingerprint_md5": "12:8f:47:91:51:1e:0d:5d:68:cc:88:1e:45:f7:2a:30",
            "public_key_openssh": "ssh-rsa AAAAB3NzaC1yc2EAAAADAQABAAACAQCwEuP3XcUhjXJV3ofJctpyDEQhWDvE2DsjYJxpgSHONoxSAFMdizlDpvowNOvNOqzcOf2Oo+ZodviXPKfZF0u0q0TvBDQCVAOzNbNDA9dO6PJSEhef7C50MOuk9U+DE5nV4Gcse7yJLBUGFpbbEFlvT4S9z4aD9PFSbwFClCA1KsnuaJ5b9C9W4NL3JF4Eg/DbPBIJySukolLauWnm11xyV9+GytgYKBLp9vA1G+BgUkymI9Ajw/7ZxyKavVo9/6Iu0JnheyrzFDtc5TEJYo0BROa0AMi3b1fmuFpwzyOHXW4xAUPaoXIxng4mzimZnf+sUtK9VlUAz9pBCZbaLgD5gP+Lt3/e8IR5spaulxMPnZm0kwl1xzlnHNW5ruFyiPKfSX120g+ik7XhG3grLA8VWIbQhf+AtGFQPon1/DJwh0F3TRjULAECzroUPRQx/p+u46Af46tMGF9Trwq40Pl22mP5KD52ugCbxdanLEu240viQJCzH+q3Ki4hf0Dav1Spj6JzPR5JvoFs7JKf+DgjJ7MbS12MQZGbxrlLu/cNMCq67CeYiUpA8c87gmrg/gQX4b9kAR/xcW59sGj4AeiFBVz2hgJ3R7Lj6yXQCRlIHyP4dX5qaB9KDLnLm3TSKg0cXoY75RivLm88bSq5+dULv3qjO1BS5PrBDCxmF/EVpw==\n",
            "public_key_pem": "-----BEGIN PUBLIC KEY-----\nMIICIjANBgkqhkiG9w0BAQEFAAOCAg8AMIICCgKCAgEAsBLj913FIY1yVd6HyXLa\ncgxEIVg7xNg7I2CcaYEhzjaMUgBTHYs5Q6b6MDTrzTqs3Dn9jqPmaHb4lzyn2RdL\ntKtE7wQ0AlQDszWzQwPXTujyUhIXn+wudDDrpPVPgxOZ1eBnLHu8iSwVBhaW2xBZ\nb0+Evc+Gg/TxUm8BQpQgNSrJ7mieW/QvVuDS9yReBIPw2zwSCckrpKJS2rlp5tdc\nclffhsrYGCgS6fbwNRvgYFJMpiPQI8P+2ccimr1aPf+iLtCZ4Xsq8xQ7XOUxCWKN\nAUTmtADIt29X5rhacM8jh11uMQFD2qFyMZ4OJs4pmZ3/rFLSvVZVAM/aQQmW2i4A\n+YD/i7d/3vCEebKWrpcTD52ZtJMJdcc5ZxzVua7hcojyn0l9dtIPopO14Rt4KywP\nFViG0IX/gLRhUD6J9fwycIdBd00Y1CwBAs66FD0UMf6fruOgH+OrTBhfU68KuND5\ndtpj+Sg+droAm8XWpyxLtuNL4kCQsx/qtyouIX9A2r9UqY+icz0eSb6BbOySn/g4\nIyezG0tdjEGRm8a5S7v3DTAquuwnmIlKQPHPO4Jq4P4EF+G/ZAEf8XFufbBo+AHo\nhQVc9oYCd0ey4+sl0AkZSB8j+HV+amgfSgy5y5t00ioNHF6GO+UYry5vPG0qufnV\nC796oztQUuT6wQwsZhfxFacCAwEAAQ==\n-----END PUBLIC KEY-----\n",
            "rsa_bits": 4096
          },
          "sensitive_attributes": [],
          "private": "bnVsbA=="
        }
      ]
    }
  ]
}
